
Microsoft Visual Studio Solution File, Format Version 12.00
# Visual Studio 15
VisualStudioVersion = 15.0.27130.2027
MinimumVisualStudioVersion = 10.0.40219.1
Project("{FAE04EC0-301F-11D3-BF4B-00C04F79EFBC}") = "helpdesk_service", "helpdesk_service\helpdesk_service.csproj", "{B58EC57A-0CF0-4C6F-B1CB-66A6056F45E0}"
EndProject
Global
	GlobalSection(SolutionConfigurationPlatforms) = preSolution
		Debug|Any CPU = Debug|Any CPU
		Release|Any CPU = Release|Any CPU
	EndGlobalSection
	GlobalSection(ProjectConfigurationPlatforms) = postSolution
		{B58EC57A-0CF0-4C6F-B1CB-66A6056F45E0}.Debug|Any CPU.ActiveCfg = Debug|Any CPU
		{B58EC57A-0CF0-4C6F-B1CB-66A6056F45E0}.Debug|Any CPU.Build.0 = Debug|Any CPU
		{B58EC57A-0CF0-4C6F-B1CB-66A6056F45E0}.Release|Any CPU.ActiveCfg = Release|Any CPU
		{B58EC57A-0CF0-4C6F-B1CB-66A6056F45E0}.Release|Any CPU.Build.0 = Release|Any CPU
	EndGlobalSection
	GlobalSection(SolutionProperties) = preSolution
		HideSolutionNode = FALSE
	EndGlobalSection
	GlobalSection(ExtensibilityGlobals) = postSolution
		SolutionGuid = {4AC50CE1-5149-4820-91B5-808897B800BA}
	EndGlobalSection
EndGlobal
